// !$*UTF8*$!
{
	archiveVersion = 1;
	classes = {
	};
	objectVersion = 55;
	objects = {

/* Begin PBXBuildFile section */
		CA39517927C9EF9C008EFD4B /* Tank.scn in Resources */ = {isa = PBXBuildFile; fileRef = CA39517827C9EF9C008EFD4B /* Tank.scn */; };
		CAF3ED8327C9CA010078BDFE /* MainScene.scn in Resources */ = {isa = PBXBuildFile; fileRef = CAF3ED8227C9CA010078BDFE /* MainScene.scn */; };
		E19DA00427C9B2A000084D04 /* ContentView.swift in Sources */ = {isa = PBXBuildFile; fileRef = E19DA00327C9B2A000084D04 /* ContentView.swift */; };
		E19DA00627C9B2A200084D04 /* Assets.xcassets in Resources */ = {isa = PBXBuildFile; fileRef = E19DA00527C9B2A200084D04 /* Assets.xcassets */; };
		E19DA00927C9B2A200084D04 /* Preview Assets.xcassets in Resources */ = {isa = PBXBuildFile; fileRef = E19DA00827C9B2A200084D04 /* Preview Assets.xcassets */; };
		E19DA01227C9CAD200084D04 /* FishTankView.swift in Sources */ = {isa = PBXBuildFile; fileRef = E19DA01127C9CAD200084D04 /* FishTankView.swift */; };
		E19DA01627C9D2FA00084D04 /* OnboardingViews.swift in Sources */ = {isa = PBXBuildFile; fileRef = E19DA01527C9D2FA00084D04 /* OnboardingViews.swift */; };
		E19DA01C27C9E53400084D04 /* ViewRouter.swift in Sources */ = {isa = PBXBuildFile; fileRef = E19DA01B27C9E53400084D04 /* ViewRouter.swift */; };
		E19DA01E27C9E57700084D04 /* Extensions.swift in Sources */ = {isa = PBXBuildFile; fileRef = E19DA01A27C9E48F00084D04 /* Extensions.swift */; };
		E19DA02127C9ED8C00084D04 /* SCNBezier in Frameworks */ = {isa = PBXBuildFile; productRef = E19DA02027C9ED8C00084D04 /* SCNBezier */; };
		E19DA02327C9F26200084D04 /* HomeScreenView.swift in Sources */ = {isa = PBXBuildFile; fileRef = E19DA02227C9F26200084D04 /* HomeScreenView.swift */; };
		E19DA02727C9F92B00084D04 /* fishTestBaked.scn in Resources */ = {isa = PBXBuildFile; fileRef = E19DA02627C9F92B00084D04 /* fishTestBaked.scn */; };
		E19DA02B27CABC8F00084D04 /* FishTankARView.swift in Sources */ = {isa = PBXBuildFile; fileRef = E19DA02A27CABC8F00084D04 /* FishTankARView.swift */; };
		E19DA02D27CACB4300084D04 /* ArTankView.swift in Sources */ = {isa = PBXBuildFile; fileRef = E19DA02C27CACB4300084D04 /* ArTankView.swift */; };
		E19DA02F27CAD37900084D04 /* WaterInputView.swift in Sources */ = {isa = PBXBuildFile; fileRef = E19DA02E27CAD37900084D04 /* WaterInputView.swift */; };
		E19DA03827CAF7EA00084D04 /* RemoraApp.swift in Sources */ = {isa = PBXBuildFile; fileRef = E19DA03727CAF7EA00084D04 /* RemoraApp.swift */; };
		E19DA03D27CAF83C00084D04 /* fish.dae in Resources */ = {isa = PBXBuildFile; fileRef = E19DA03B27CAF83C00084D04 /* fish.dae */; };
		E19DA03E27CAF83C00084D04 /* Plane.jpg in Resources */ = {isa = PBXBuildFile; fileRef = E19DA03C27CAF83C00084D04 /* Plane.jpg */; };
/* End PBXBuildFile section */

/* Begin PBXFileReference section */
		CA39517827C9EF9C008EFD4B /* Tank.scn */ = {isa = PBXFileReference; lastKnownFileType = file.bplist; path = Tank.scn; sourceTree = "<group>"; };
		CAF3ED8227C9CA010078BDFE /* MainScene.scn */ = {isa = PBXFileReference; lastKnownFileType = file.bplist; path = MainScene.scn; sourceTree = "<group>"; };
		E19D9FFE27C9B2A000084D04 /* Remora.app */ = {isa = PBXFileReference; explicitFileType = wrapper.application; includeInIndex = 0; path = Remora.app; sourceTree = BUILT_PRODUCTS_DIR; };
		E19DA00327C9B2A000084D04 /* ContentView.swift */ = {isa = PBXFileReference; lastKnownFileType = sourcecode.swift; path = ContentView.swift; sourceTree = "<group>"; };
		E19DA00527C9B2A200084D04 /* Assets.xcassets */ = {isa = PBXFileReference; lastKnownFileType = folder.assetcatalog; path = Assets.xcassets; sourceTree = "<group>"; };
		E19DA00827C9B2A200084D04 /* Preview Assets.xcassets */ = {isa = PBXFileReference; lastKnownFileType = folder.assetcatalog; path = "Preview Assets.xcassets"; sourceTree = "<group>"; };
		E19DA01127C9CAD200084D04 /* FishTankView.swift */ = {isa = PBXFileReference; lastKnownFileType = sourcecode.swift; path = FishTankView.swift; sourceTree = "<group>"; };
		E19DA01527C9D2FA00084D04 /* OnboardingViews.swift */ = {isa = PBXFileReference; lastKnownFileType = sourcecode.swift; path = OnboardingViews.swift; sourceTree = "<group>"; };
		E19DA01A27C9E48F00084D04 /* Extensions.swift */ = {isa = PBXFileReference; lastKnownFileType = sourcecode.swift; path = Extensions.swift; sourceTree = "<group>"; };
		E19DA01B27C9E53400084D04 /* ViewRouter.swift */ = {isa = PBXFileReference; fileEncoding = 4; lastKnownFileType = sourcecode.swift; path = ViewRouter.swift; sourceTree = "<group>"; };
		E19DA02227C9F26200084D04 /* HomeScreenView.swift */ = {isa = PBXFileReference; lastKnownFileType = sourcecode.swift; path = HomeScreenView.swift; sourceTree = "<group>"; };
		E19DA02627C9F92B00084D04 /* fishTestBaked.scn */ = {isa = PBXFileReference; lastKnownFileType = file.bplist; path = fishTestBaked.scn; sourceTree = "<group>"; };
		E19DA02A27CABC8F00084D04 /* FishTankARView.swift */ = {isa = PBXFileReference; lastKnownFileType = sourcecode.swift; path = FishTankARView.swift; sourceTree = "<group>"; };
		E19DA02C27CACB4300084D04 /* ArTankView.swift */ = {isa = PBXFileReference; lastKnownFileType = sourcecode.swift; path = ArTankView.swift; sourceTree = "<group>"; };
		E19DA02E27CAD37900084D04 /* WaterInputView.swift */ = {isa = PBXFileReference; lastKnownFileType = sourcecode.swift; path = WaterInputView.swift; sourceTree = "<group>"; };
		E19DA03727CAF7EA00084D04 /* RemoraApp.swift */ = {isa = PBXFileReference; fileEncoding = 4; lastKnownFileType = sourcecode.swift; name = RemoraApp.swift; path = Remora/RemoraApp.swift; sourceTree = SOURCE_ROOT; };
		E19DA03B27CAF83C00084D04 /* fish.dae */ = {isa = PBXFileReference; fileEncoding = 4; lastKnownFileType = text.xml.dae; path = fish.dae; sourceTree = "<group>"; };
		E19DA03C27CAF83C00084D04 /* Plane.jpg */ = {isa = PBXFileReference; lastKnownFileType = image.jpeg; path = Plane.jpg; sourceTree = "<group>"; };
/* End PBXFileReference section */

/* Begin PBXFrameworksBuildPhase section */
		E19D9FFB27C9B2A000084D04 /* Frameworks */ = {
			isa = PBXFrameworksBuildPhase;
			buildActionMask = 2147483647;
			files = (
				E19DA02127C9ED8C00084D04 /* SCNBezier in Frameworks */,
			);
			runOnlyForDeploymentPostprocessing = 0;
		};
/* End PBXFrameworksBuildPhase section */

/* Begin PBXGroup section */
		CAF3ED7127C9C1940078BDFE /* sceneAssets */ = {
			isa = PBXGroup;
			children = (
				CAF3ED8227C9CA010078BDFE /* MainScene.scn */,
				E19DA02627C9F92B00084D04 /* fishTestBaked.scn */,
				E19DA03B27CAF83C00084D04 /* fish.dae */,
				E19DA03C27CAF83C00084D04 /* Plane.jpg */,
				CA39517827C9EF9C008EFD4B /* Tank.scn */,
			);
			path = sceneAssets;
			sourceTree = "<group>";
		};
		E19D9FF527C9B2A000084D04 = {
			isa = PBXGroup;
			children = (
				E19DA00027C9B2A000084D04 /* Remora */,
				E19D9FFF27C9B2A000084D04 /* Products */,
			);
			sourceTree = "<group>";
		};
		E19D9FFF27C9B2A000084D04 /* Products */ = {
			isa = PBXGroup;
			children = (
				E19D9FFE27C9B2A000084D04 /* Remora.app */,
			);
			name = Products;
			sourceTree = "<group>";
		};
		E19DA00027C9B2A000084D04 /* Remora */ = {
			isa = PBXGroup;
			children = (
				CAF3ED7127C9C1940078BDFE /* sceneAssets */,
				E19DA03727CAF7EA00084D04 /* RemoraApp.swift */,
				E19DA00327C9B2A000084D04 /* ContentView.swift */,
				E19DA01527C9D2FA00084D04 /* OnboardingViews.swift */,
				E19DA02227C9F26200084D04 /* HomeScreenView.swift */,
				E19DA01127C9CAD200084D04 /* FishTankView.swift */,
				E19DA02C27CACB4300084D04 /* ArTankView.swift */,
				E19DA02A27CABC8F00084D04 /* FishTankARView.swift */,
				E19DA02E27CAD37900084D04 /* WaterInputView.swift */,
				E19DA01A27C9E48F00084D04 /* Extensions.swift */,
				E19DA01B27C9E53400084D04 /* ViewRouter.swift */,
				E19DA00527C9B2A200084D04 /* Assets.xcassets */,
				E19DA00727C9B2A200084D04 /* Preview Content */,
			);
			path = Remora;
			sourceTree = "<group>";
		};
		E19DA00727C9B2A200084D04 /* Preview Content */ = {
			isa = PBXGroup;
			children = (
				E19DA00827C9B2A200084D04 /* Preview Assets.xcassets */,
			);
			path = "Preview Content";
			sourceTree = "<group>";
		};
/* End PBXGroup section */

/* Begin PBXNativeTarget section */
		E19D9FFD27C9B2A000084D04 /* Remora */ = {
			isa = PBXNativeTarget;
			buildConfigurationList = E19DA00C27C9B2A200084D04 /* Build configuration list for PBXNativeTarget "Remora" */;
			buildPhases = (
				E19D9FFA27C9B2A000084D04 /* Sources */,
				E19D9FFB27C9B2A000084D04 /* Frameworks */,
				E19D9FFC27C9B2A000084D04 /* Resources */,
			);
			buildRules = (
			);
			dependencies = (
			);
			name = Remora;
			packageProductDependencies = (
				E19DA02027C9ED8C00084D04 /* SCNBezier */,
			);
			productName = Remora;
			productReference = E19D9FFE27C9B2A000084D04 /* Remora.app */;
			productType = "com.apple.product-type.application";
		};
/* End PBXNativeTarget section */

/* Begin PBXProject section */
		E19D9FF627C9B2A000084D04 /* Project object */ = {
			isa = PBXProject;
			attributes = {
				BuildIndependentTargetsInParallel = 1;
				LastSwiftUpdateCheck = 1320;
				LastUpgradeCheck = 1320;
				TargetAttributes = {
					E19D9FFD27C9B2A000084D04 = {
						CreatedOnToolsVersion = 13.2.1;
					};
				};
			};
			buildConfigurationList = E19D9FF927C9B2A000084D04 /* Build configuration list for PBXProject "Remora" */;
			compatibilityVersion = "Xcode 13.0";
			developmentRegion = en;
			hasScannedForEncodings = 0;
			knownRegions = (
				en,
				Base,
			);
			mainGroup = E19D9FF527C9B2A000084D04;
			packageReferences = (
				E19DA01F27C9ED8C00084D04 /* XCRemoteSwiftPackageReference "SceneKit-Bezier-Animations" */,
			);
			productRefGroup = E19D9FFF27C9B2A000084D04 /* Products */;
			projectDirPath = "";
			projectRoot = "";
			targets = (
				E19D9FFD27C9B2A000084D04 /* Remora */,
			);
		};
/* End PBXProject section */

/* Begin PBXResourcesBuildPhase section */
		E19D9FFC27C9B2A000084D04 /* Resources */ = {
			isa = PBXResourcesBuildPhase;
			buildActionMask = 2147483647;
			files = (
				E19DA03D27CAF83C00084D04 /* fish.dae in Resources */,
				E19DA03E27CAF83C00084D04 /* Plane.jpg in Resources */,
				CA39517927C9EF9C008EFD4B /* Tank.scn in Resources */,
				E19DA00927C9B2A200084D04 /* Preview Assets.xcassets in Resources */,
				E19DA02727C9F92B00084D04 /* fishTestBaked.scn in Resources */,
				E19DA00627C9B2A200084D04 /* Assets.xcassets in Resources */,
				CAF3ED8327C9CA010078BDFE /* MainScene.scn in Resources */,
			);
			runOnlyForDeploymentPostprocessing = 0;
		};
/* End PBXResourcesBuildPhase section */

/* Begin PBXSourcesBuildPhase section */
		E19D9FFA27C9B2A000084D04 /* Sources */ = {
			isa = PBXSourcesBuildPhase;
			buildActionMask = 2147483647;
			files = (
				E19DA02D27CACB4300084D04 /* ArTankView.swift in Sources */,
				E19DA01C27C9E53400084D04 /* ViewRouter.swift in Sources */,
				E19DA01E27C9E57700084D04 /* Extensions.swift in Sources */,
				E19DA01227C9CAD200084D04 /* FishTankView.swift in Sources */,
				E19DA01627C9D2FA00084D04 /* OnboardingViews.swift in Sources */,
				E19DA02F27CAD37900084D04 /* WaterInputView.swift in Sources */,
				E19DA00427C9B2A000084D04 /* ContentView.swift in Sources */,
				E19DA03827CAF7EA00084D04 /* RemoraApp.swift in Sources */,
				E19DA02B27CABC8F00084D04 /* FishTankARView.swift in Sources */,
				E19DA02327C9F26200084D04 /* HomeScreenView.swift in Sources */,
			);
			runOnlyForDeploymentPostprocessing = 0;
		};
/* End PBXSourcesBuildPhase section */

/* Begin XCBuildConfiguration section */
		E19DA00A27C9B2A200084D04 /* Debug */ = {
			isa = XCBuildConfiguration;
			buildSettings = {
				ALWAYS_SEARCH_USER_PATHS = NO;
				CLANG_ANALYZER_NONNULL = YES;
				CLANG_ANALYZER_NUMBER_OBJECT_CONVERSION = YES_AGGRESSIVE;
				CLANG_CXX_LANGUAGE_STANDARD = "gnu++17";
				CLANG_CXX_LIBRARY = "libc++";
				CLANG_ENABLE_MODULES = YES;
				CLANG_ENABLE_OBJC_ARC = YES;
				CLANG_ENABLE_OBJC_WEAK = YES;
				CLANG_WARN_BLOCK_CAPTURE_AUTORELEASING = YES;
				CLANG_WARN_BOOL_CONVERSION = YES;
				CLANG_WARN_COMMA = YES;
				CLANG_WARN_CONSTANT_CONVERSION = YES;
				CLANG_WARN_DEPRECATED_OBJC_IMPLEMENTATIONS = YES;
				CLANG_WARN_DIRECT_OBJC_ISA_USAGE = YES_ERROR;
				CLANG_WARN_DOCUMENTATION_COMMENTS = YES;
				CLANG_WARN_EMPTY_BODY = YES;
				CLANG_WARN_ENUM_CONVERSION = YES;
				CLANG_WARN_INFINITE_RECURSION = YES;
				CLANG_WARN_INT_CONVERSION = YES;
				CLANG_WARN_NON_LITERAL_NULL_CONVERSION = YES;
				CLANG_WARN_OBJC_IMPLICIT_RETAIN_SELF = YES;
				CLANG_WARN_OBJC_LITERAL_CONVERSION = YES;
				CLANG_WARN_OBJC_ROOT_CLASS = YES_ERROR;
				CLANG_WARN_QUOTED_INCLUDE_IN_FRAMEWORK_HEADER = YES;
				CLANG_WARN_RANGE_LOOP_ANALYSIS = YES;
				CLANG_WARN_STRICT_PROTOTYPES = YES;
				CLANG_WARN_SUSPICIOUS_MOVE = YES;
				CLANG_WARN_UNGUARDED_AVAILABILITY = YES_AGGRESSIVE;
				CLANG_WARN_UNREACHABLE_CODE = YES;
				CLANG_WARN__DUPLICATE_METHOD_MATCH = YES;
				COPY_PHASE_STRIP = NO;
				DEBUG_INFORMATION_FORMAT = dwarf;
				ENABLE_STRICT_OBJC_MSGSEND = YES;
				ENABLE_TESTABILITY = YES;
				GCC_C_LANGUAGE_STANDARD = gnu11;
				GCC_DYNAMIC_NO_PIC = NO;
				GCC_NO_COMMON_BLOCKS = YES;
				GCC_OPTIMIZATION_LEVEL = 0;
				GCC_PREPROCESSOR_DEFINITIONS = (
					"DEBUG=1",
					"$(inherited)",
				);
				GCC_WARN_64_TO_32_BIT_CONVERSION = YES;
				GCC_WARN_ABOUT_RETURN_TYPE = YES_ERROR;
				GCC_WARN_UNDECLARED_SELECTOR = YES;
				GCC_WARN_UNINITIALIZED_AUTOS = YES_AGGRESSIVE;
				GCC_WARN_UNUSED_FUNCTION = YES;
				GCC_WARN_UNUSED_VARIABLE = YES;
				IPHONEOS_DEPLOYMENT_TARGET = 15.2;
				MTL_ENABLE_DEBUG_INFO = INCLUDE_SOURCE;
				MTL_FAST_MATH = YES;
				ONLY_ACTIVE_ARCH = YES;
				SDKROOT = iphoneos;
				SWIFT_ACTIVE_COMPILATION_CONDITIONS = DEBUG;
				SWIFT_OPTIMIZATION_LEVEL = "-Onone";
			};
			name = Debug;
		};
		E19DA00B27C9B2A200084D04 /* Release */ = {
			isa = XCBuildConfiguration;
			buildSettings = {
				ALWAYS_SEARCH_USER_PATHS = NO;
				CLANG_ANALYZER_NONNULL = YES;
				CLANG_ANALYZER_NUMBER_OBJECT_CONVERSION = YES_AGGRESSIVE;
				CLANG_CXX_LANGUAGE_STANDARD = "gnu++17";
				CLANG_CXX_LIBRARY = "libc++";
				CLANG_ENABLE_MODULES = YES;
				CLANG_ENABLE_OBJC_ARC = YES;
				CLANG_ENABLE_OBJC_WEAK = YES;
				CLANG_WARN_BLOCK_CAPTURE_AUTORELEASING = YES;
				CLANG_WARN_BOOL_CONVERSION = YES;
				CLANG_WARN_COMMA = YES;
				CLANG_WARN_CONSTANT_CONVERSION = YES;
				CLANG_WARN_DEPRECATED_OBJC_IMPLEMENTATIONS = YES;
				CLANG_WARN_DIRECT_OBJC_ISA_USAGE = YES_ERROR;
				CLANG_WARN_DOCUMENTATION_COMMENTS = YES;
				CLANG_WARN_EMPTY_BODY = YES;
				CLANG_WARN_ENUM_CONVERSION = YES;
				CLANG_WARN_INFINITE_RECURSION = YES;
				CLANG_WARN_INT_CONVERSION = YES;
				CLANG_WARN_NON_LITERAL_NULL_CONVERSION = YES;
				CLANG_WARN_OBJC_IMPLICIT_RETAIN_SELF = YES;
				CLANG_WARN_OBJC_LITERAL_CONVERSION = YES;
				CLANG_WARN_OBJC_ROOT_CLASS = YES_ERROR;
				CLANG_WARN_QUOTED_INCLUDE_IN_FRAMEWORK_HEADER = YES;
				CLANG_WARN_RANGE_LOOP_ANALYSIS = YES;
				CLANG_WARN_STRICT_PROTOTYPES = YES;
				CLANG_WARN_SUSPICIOUS_MOVE = YES;
				CLANG_WARN_UNGUARDED_AVAILABILITY = YES_AGGRESSIVE;
				CLANG_WARN_UNREACHABLE_CODE = YES;
				CLANG_WARN__DUPLICATE_METHOD_MATCH = YES;
				COPY_PHASE_STRIP = NO;
				DEBUG_INFORMATION_FORMAT = "dwarf-with-dsym";
				ENABLE_NS_ASSERTIONS = NO;
				ENABLE_STRICT_OBJC_MSGSEND = YES;
				GCC_C_LANGUAGE_STANDARD = gnu11;
				GCC_NO_COMMON_BLOCKS = YES;
				GCC_WARN_64_TO_32_BIT_CONVERSION = YES;
				GCC_WARN_ABOUT_RETURN_TYPE = YES_ERROR;
				GCC_WARN_UNDECLARED_SELECTOR = YES;
				GCC_WARN_UNINITIALIZED_AUTOS = YES_AGGRESSIVE;
				GCC_WARN_UNUSED_FUNCTION = YES;
				GCC_WARN_UNUSED_VARIABLE = YES;
				IPHONEOS_DEPLOYMENT_TARGET = 15.2;
				MTL_ENABLE_DEBUG_INFO = NO;
				MTL_FAST_MATH = YES;
				SDKROOT = iphoneos;
				SWIFT_COMPILATION_MODE = wholemodule;
				SWIFT_OPTIMIZATION_LEVEL = "-O";
				VALIDATE_PRODUCT = YES;
			};
			name = Release;
		};
		E19DA00D27C9B2A200084D04 /* Debug */ = {
			isa = XCBuildConfiguration;
			buildSettings = {
				ASSETCATALOG_COMPILER_APPICON_NAME = AppIcon;
				ASSETCATALOG_COMPILER_GLOBAL_ACCENT_COLOR_NAME = AccentColor;
				CODE_SIGN_STYLE = Automatic;
				CURRENT_PROJECT_VERSION = 1;
				DEVELOPMENT_ASSET_PATHS = "\"Remora/Preview Content\"";
				DEVELOPMENT_TEAM = DUXN239A3S;
				ENABLE_PREVIEWS = YES;
				GENERATE_INFOPLIST_FILE = YES;
				INFOPLIST_KEY_NSCameraUsageDescription = "Remora needs your camera to create the Augmented Reality!";
				INFOPLIST_KEY_UIApplicationSceneManifest_Generation = YES;
				INFOPLIST_KEY_UIApplicationSupportsIndirectInputEvents = YES;
				INFOPLIST_KEY_UILaunchScreen_Generation = YES;
				INFOPLIST_KEY_UISupportedInterfaceOrientations_iPad = "UIInterfaceOrientationPortrait UIInterfaceOrientationPortraitUpsideDown UIInterfaceOrientationLandscapeLeft UIInterfaceOrientationLandscapeRight";
				INFOPLIST_KEY_UISupportedInterfaceOrientations_iPhone = "UIInterfaceOrientationPortrait UIInterfaceOrientationLandscapeLeft UIInterfaceOrientationLandscapeRight";
				IPHONEOS_DEPLOYMENT_TARGET = 15.0;
				LD_RUNPATH_SEARCH_PATHS = (
					"$(inherited)",
					"@executable_path/Frameworks",
				);
				MARKETING_VERSION = 1.0;
				PRODUCT_BUNDLE_IDENTIFIER = com.Ravinlabsdev.Remora;
				PRODUCT_NAME = "$(TARGET_NAME)";
				SWIFT_EMIT_LOC_STRINGS = YES;
				SWIFT_VERSION = 5.0;
				TARGETED_DEVICE_FAMILY = "1,2";
			};
			name = Debug;
		};
		E19DA00E27C9B2A200084D04 /* Release */ = {
			isa = XCBuildConfiguration;
			buildSettings = {
				ASSETCATALOG_COMPILER_APPICON_NAME = AppIcon;
				ASSETCATALOG_COMPILER_GLOBAL_ACCENT_COLOR_NAME = AccentColor;
				CODE_SIGN_STYLE = Automatic;
				CURRENT_PROJECT_VERSION = 1;
				DEVELOPMENT_ASSET_PATHS = "\"Remora/Preview Content\"";
				DEVELOPMENT_TEAM = DUXN239A3S;
				ENABLE_PREVIEWS = YES;
				GENERATE_INFOPLIST_FILE = YES;
				INFOPLIST_KEY_NSCameraUsageDescription = "Remora needs your camera to create the Augmented Reality!";
				INFOPLIST_KEY_UIApplicationSceneManifest_Generation = YES;
				INFOPLIST_KEY_UIApplicationSupportsIndirectInputEvents = YES;
				INFOPLIST_KEY_UILaunchScreen_Generation = YES;
				INFOPLIST_KEY_UISupportedInterfaceOrientations_iPad = "UIInterfaceOrientationPortrait UIInterfaceOrientationPortraitUpsideDown UIInterfaceOrientationLandscapeLeft UIInterfaceOrientationLandscapeRight";
				INFOPLIST_KEY_UISupportedInterfaceOrientations_iPhone = "UIInterfaceOrientationPortrait UIInterfaceOrientationLandscapeLeft UIInterfaceOrientationLandscapeRight";
				IPHONEOS_DEPLOYMENT_TARGET = 15.0;
				LD_RUNPATH_SEARCH_PATHS = (
					"$(inherited)",
					"@executable_path/Frameworks",
				);
				MARKETING_VERSION = 1.0;
				PRODUCT_BUNDLE_IDENTIFIER = com.Ravinlabsdev.Remora;
				PRODUCT_NAME = "$(TARGET_NAME)";
				SWIFT_EMIT_LOC_STRINGS = YES;
				SWIFT_VERSION = 5.0;
				TARGETED_DEVICE_FAMILY = "1,2";
			};
			name = Release;
		};
/* End XCBuildConfiguration section */

/* Begin XCConfigurationList section */
		E19D9FF927C9B2A000084D04 /* Build configuration list for PBXProject "Remora" */ = {
			isa = XCConfigurationList;
			buildConfigurations = (
				E19DA00A27C9B2A200084D04 /* Debug */,
				E19DA00B27C9B2A200084D04 /* Release */,
			);
			defaultConfigurationIsVisible = 0;
			defaultConfigurationName = Release;
		};
		E19DA00C27C9B2A200084D04 /* Build configuration list for PBXNativeTarget "Remora" */ = {
			isa = XCConfigurationList;
			buildConfigurations = (
				E19DA00D27C9B2A200084D04 /* Debug */,
				E19DA00E27C9B2A200084D04 /* Release */,
			);
			defaultConfigurationIsVisible = 0;
			defaultConfigurationName = Release;
		};
/* End XCConfigurationList section */

/* Begin XCRemoteSwiftPackageReference section */
		E19DA01F27C9ED8C00084D04 /* XCRemoteSwiftPackageReference "SceneKit-Bezier-Animations" */ = {
			isa = XCRemoteSwiftPackageReference;
			repositoryURL = "https://github.com/maxxfrazer/SceneKit-Bezier-Animations";
			requirement = {
				kind = upToNextMajorVersion;
				minimumVersion = 1.0.0;
			};
		};
/* End XCRemoteSwiftPackageReference section */

/* Begin XCSwiftPackageProductDependency section */
		E19DA02027C9ED8C00084D04 /* SCNBezier */ = {
			isa = XCSwiftPackageProductDependency;
			package = E19DA01F27C9ED8C00084D04 /* XCRemoteSwiftPackageReference "SceneKit-Bezier-Animations" */;
			productName = SCNBezier;
		};
/* End XCSwiftPackageProductDependency section */
	};
	rootObject = E19D9FF627C9B2A000084D04 /* Project object */;
}
